
Microsoft Visual Studio Solution File, Format Version 12.00
# Visual Studio 14
VisualStudioVersion = 14.0.25420.1
MinimumVisualStudioVersion = 10.0.40219.1
Project("{2150E333-8FDC-42A3-9474-1A3956D46DE8}") = "Solution Items", "Solution Items", "{B4259ED8-B959-4F01-AF76-983D3C30811C}"
	ProjectSection(SolutionItems) = preProject
		SharedDataTypes\FreebaseCommonTypes.cs = SharedDataTypes\FreebaseCommonTypes.cs
	EndProjectSection
EndProject
Project("{FAE04EC0-301F-11D3-BF4B-00C04F79EFBC}") = "FreebaseToRDFStore", "FreebaseToRDFStore\FreebaseToRDFStore.csproj", "{DFE0B2DA-CDB9-4B5C-8472-E04AD2E9C9EC}"
EndProject
Project("{FAE04EC0-301F-11D3-BF4B-00C04F79EFBC}") = "FastRDFStoreClient", "FastRDFStoreClient\FastRDFStoreClient.csproj", "{06F0469F-5ACC-4937-89AF-CD5436132C02}"
EndProject
Project("{FAE04EC0-301F-11D3-BF4B-00C04F79EFBC}") = "FastRDFStore", "FastRDFStore\FastRDFStore.csproj", "{9E64D23C-9C19-49DA-9903-12F151140AE7}"
EndProject
Global
	GlobalSection(SolutionConfigurationPlatforms) = preSolution
		Debug|Any CPU = Debug|Any CPU
		Debug|x64 = Debug|x64
		Release|Any CPU = Release|Any CPU
		Release|x64 = Release|x64
	EndGlobalSection
	GlobalSection(ProjectConfigurationPlatforms) = postSolution
		{DFE0B2DA-CDB9-4B5C-8472-E04AD2E9C9EC}.Debug|Any CPU.ActiveCfg = Debug|Any CPU
		{DFE0B2DA-CDB9-4B5C-8472-E04AD2E9C9EC}.Debug|Any CPU.Build.0 = Debug|Any CPU
		{DFE0B2DA-CDB9-4B5C-8472-E04AD2E9C9EC}.Debug|x64.ActiveCfg = Debug|x64
		{DFE0B2DA-CDB9-4B5C-8472-E04AD2E9C9EC}.Debug|x64.Build.0 = Debug|x64
		{DFE0B2DA-CDB9-4B5C-8472-E04AD2E9C9EC}.Release|Any CPU.ActiveCfg = Release|Any CPU
		{DFE0B2DA-CDB9-4B5C-8472-E04AD2E9C9EC}.Release|Any CPU.Build.0 = Release|Any CPU
		{DFE0B2DA-CDB9-4B5C-8472-E04AD2E9C9EC}.Release|x64.ActiveCfg = Release|x64
		{DFE0B2DA-CDB9-4B5C-8472-E04AD2E9C9EC}.Release|x64.Build.0 = Release|x64
		{06F0469F-5ACC-4937-89AF-CD5436132C02}.Debug|Any CPU.ActiveCfg = Debug|Any CPU
		{06F0469F-5ACC-4937-89AF-CD5436132C02}.Debug|Any CPU.Build.0 = Debug|Any CPU
		{06F0469F-5ACC-4937-89AF-CD5436132C02}.Debug|x64.ActiveCfg = Debug|x64
		{06F0469F-5ACC-4937-89AF-CD5436132C02}.Debug|x64.Build.0 = Debug|x64
		{06F0469F-5ACC-4937-89AF-CD5436132C02}.Release|Any CPU.ActiveCfg = Release|Any CPU
		{06F0469F-5ACC-4937-89AF-CD5436132C02}.Release|Any CPU.Build.0 = Release|Any CPU
		{06F0469F-5ACC-4937-89AF-CD5436132C02}.Release|x64.ActiveCfg = Release|Any CPU
		{9E64D23C-9C19-49DA-9903-12F151140AE7}.Debug|Any CPU.ActiveCfg = Debug|Any CPU
		{9E64D23C-9C19-49DA-9903-12F151140AE7}.Debug|Any CPU.Build.0 = Debug|Any CPU
		{9E64D23C-9C19-49DA-9903-12F151140AE7}.Debug|x64.ActiveCfg = Debug|x64
		{9E64D23C-9C19-49DA-9903-12F151140AE7}.Debug|x64.Build.0 = Debug|x64
		{9E64D23C-9C19-49DA-9903-12F151140AE7}.Release|Any CPU.ActiveCfg = Release|Any CPU
		{9E64D23C-9C19-49DA-9903-12F151140AE7}.Release|Any CPU.Build.0 = Release|Any CPU
		{9E64D23C-9C19-49DA-9903-12F151140AE7}.Release|x64.ActiveCfg = Release|x64
		{9E64D23C-9C19-49DA-9903-12F151140AE7}.Release|x64.Build.0 = Release|x64
	EndGlobalSection
	GlobalSection(SolutionProperties) = preSolution
		HideSolutionNode = FALSE
	EndGlobalSection
EndGlobal
